
Microsoft Visual Studio Solution File, Format Version 12.00
# Visual Studio 15
VisualStudioVersion = 15.0.28307.168
MinimumVisualStudioVersion = 10.0.40219.1
Project("{8BC9CEB8-8B4A-11D0-8D11-00A0C91BC942}") = "NinjaGaiden(NES)_Game", "NinjaGaiden(NES)_Game\NinjaGaiden(NES)_Game.vcxproj", "{16BA7F98-E731-41BF-9C40-229F2D1BCCAA}"
EndProject
Global
	GlobalSection(SolutionConfigurationPlatforms) = preSolution
		Debug|x64 = Debug|x64
		Debug|x86 = Debug|x86
		Release|x64 = Release|x64
		Release|x86 = Release|x86
	EndGlobalSection
	GlobalSection(ProjectConfigurationPlatforms) = postSolution
		{16BA7F98-E731-41BF-9C40-229F2D1BCCAA}.Debug|x64.ActiveCfg = Debug|x64
		{16BA7F98-E731-41BF-9C40-229F2D1BCCAA}.Debug|x64.Build.0 = Debug|x64
		{16BA7F98-E731-41BF-9C40-229F2D1BCCAA}.Debug|x86.ActiveCfg = Debug|Win32
		{16BA7F98-E731-41BF-9C40-229F2D1BCCAA}.Debug|x86.Build.0 = Debug|Win32
		{16BA7F98-E731-41BF-9C40-229F2D1BCCAA}.Release|x64.ActiveCfg = Release|x64
		{16BA7F98-E731-41BF-9C40-229F2D1BCCAA}.Release|x64.Build.0 = Release|x64
		{16BA7F98-E731-41BF-9C40-229F2D1BCCAA}.Release|x86.ActiveCfg = Release|Win32
		{16BA7F98-E731-41BF-9C40-229F2D1BCCAA}.Release|x86.Build.0 = Release|Win32
	EndGlobalSection
	GlobalSection(SolutionProperties) = preSolution
		HideSolutionNode = FALSE
	EndGlobalSection
	GlobalSection(ExtensibilityGlobals) = postSolution
		SolutionGuid = {C65E50B7-9429-4418-97B2-5097F8013E83}
	EndGlobalSection
EndGlobal
